<?xml version="1.0" encoding="utf-8"?>
<Project ToolsVersion="4.0" xmlns="http://schemas.microsoft.com/developer/msbuild/2003">
  <ItemGroup>
    <Filter Include="Source Files">
      <UniqueIdentifier>{4FC737F1-C7A5-4376-A066-2A32D752A2FF}</UniqueIdentifier>
      <Extensions>cpp;c;cc;cxx;def;odl;idl;hpj;bat;asm;asmx</Extensions>
    </Filter>
    <Filter Include="Header Files">
      <UniqueIdentifier>{93995380-89BD-4b04-88EB-625FBE52EBFB}</UniqueIdentifier>
      <Extensions>h;hpp;hxx;hm;inl;inc;xsd</Extensions>
    </Filter>
    <Filter Include="Source Files\Assembler">
      <UniqueIdentifier>{38f1a18f-40fc-4eed-a68e-e79b58327b6c}</UniqueIdentifier>
    </Filter>
  </ItemGroup>
  <ItemGroup>
    <YASM Include="..\assembler\mulredc.asm">
      <Filter>Source Files\Assembler</Filter>
    </YASM>
    <YASM Include="..\assembler\redc.asm">
      <Filter>Source Files\Assembler</Filter>
    </YASM>
  </ItemGroup>
  <ItemGroup>
    <ClCompile Include="..\..\auxarith.c">
      <Filter>Source Files</Filter>
    </ClCompile>
    <ClCompile Include="..\..\auxlib.c">
      <Filter>Source Files</Filter>
    </ClCompile>
    <ClCompile Include="..\..\ecm_ntt.c">
      <Filter>Source Files</Filter>
    </ClCompile>
    <ClCompile Include="..\..\ks-multiply.c">
      <Filter>Source Files</Filter>
    </ClCompile>
    <ClCompile Include="..\..\listz.c">
      <Filter>Source Files</Filter>
    </ClCompile>
    <ClCompile Include="..\..\median.c">
      <Filter>Source Files</Filter>
    </ClCompile>
    <ClCompile Include="..\..\mpmod.c">
      <Filter>Source Files</Filter>
    </ClCompile>
    <ClCompile Include="..\..\mpzspm.c">
      <Filter>Source Files</Filter>
    </ClCompile>
    <ClCompile Include="..\..\mpzspv.c">
      <Filter>Source Files</Filter>
    </ClCompile>
    <ClCompile Include="..\..\mul_fft.c">
      <Filter>Source Files</Filter>
    </ClCompile>
    <ClCompile Include="..\..\mul_lo.c">
      <Filter>Source Files</Filter>
    </ClCompile>
    <ClCompile Include="..\..\ntt_gfp.c">
      <Filter>Source Files</Filter>
    </ClCompile>
    <ClCompile Include="..\..\polyeval.c">
      <Filter>Source Files</Filter>
    </ClCompile>
    <ClCompile Include="..\..\random.c">
      <Filter>Source Files</Filter>
    </ClCompile>
    <ClCompile Include="..\..\schoen_strass.c">
      <Filter>Source Files</Filter>
    </ClCompile>
    <ClCompile Include="..\..\sp.c">
      <Filter>Source Files</Filter>
    </ClCompile>
    <ClCompile Include="..\..\spm.c">
      <Filter>Source Files</Filter>
    </ClCompile>
    <ClCompile Include="..\..\spv.c">
      <Filter>Source Files</Filter>
    </ClCompile>
    <ClCompile Include="..\..\toomcook.c">
      <Filter>Source Files</Filter>
    </ClCompile>
    <ClCompile Include="..\..\tune.c">
      <Filter>Source Files</Filter>
    </ClCompile>
  </ItemGroup>
  <ItemGroup>
    <ClInclude Include="..\config.h">
      <Filter>Header Files</Filter>
    </ClInclude>
    <ClInclude Include="..\..\ecm-ecm.h">
      <Filter>Header Files</Filter>
    </ClInclude>
    <ClInclude Include="..\..\ecm-gmp.h">
      <Filter>Header Files</Filter>
    </ClInclude>
    <ClInclude Include="..\..\ecm-impl.h">
      <Filter>Header Files</Filter>
    </ClInclude>
    <ClInclude Include="..\..\ecm.h">
      <Filter>Header Files</Filter>
    </ClInclude>
    <ClInclude Include="..\..\longlong.h">
      <Filter>Header Files</Filter>
    </ClInclude>
    <ClInclude Include="..\..\sp.h">
      <Filter>Header Files</Filter>
    </ClInclude>
    <ClInclude Include="..\..\ecm-params.h">
      <Filter>Header Files</Filter>
    </ClInclude>
  </ItemGroup>
</Project>